// !$*UTF8*$!
{
	archiveVersion = 1;
	classes = {
	};
	objectVersion = 50;
	objects = {

/* Begin PBXBuildFile section */
		6B05EA7C25EBC402002C98F8 /* AppDelegate.swift in Sources */ = {isa = PBXBuildFile; fileRef = 6B05EA7B25EBC402002C98F8 /* AppDelegate.swift */; };
		6B05EA7E25EBC402002C98F8 /* SceneDelegate.swift in Sources */ = {isa = PBXBuildFile; fileRef = 6B05EA7D25EBC402002C98F8 /* SceneDelegate.swift */; };
		6B05EA8025EBC402002C98F8 /* TabBarView.swift in Sources */ = {isa = PBXBuildFile; fileRef = 6B05EA7F25EBC402002C98F8 /* TabBarView.swift */; };
		6B05EA8225EBC402002C98F8 /* Assets.xcassets in Resources */ = {isa = PBXBuildFile; fileRef = 6B05EA8125EBC402002C98F8 /* Assets.xcassets */; };
		6B05EA8525EBC402002C98F8 /* Preview Assets.xcassets in Resources */ = {isa = PBXBuildFile; fileRef = 6B05EA8425EBC402002C98F8 /* Preview Assets.xcassets */; };
		6B05EA8825EBC402002C98F8 /* LaunchScreen.storyboard in Resources */ = {isa = PBXBuildFile; fileRef = 6B05EA8625EBC402002C98F8 /* LaunchScreen.storyboard */; };
		6B165EB325F8BE7400B41F91 /* ProfileRow.swift in Sources */ = {isa = PBXBuildFile; fileRef = 6B165EB225F8BE7400B41F91 /* ProfileRow.swift */; };
		6B3C236B25FB0B3F0019994B /* ProfileRegisterView.swift in Sources */ = {isa = PBXBuildFile; fileRef = 6B3C236A25FB0B3F0019994B /* ProfileRegisterView.swift */; };
		6B5FED692631A6950010EFBD /* ViewHelper.swift in Sources */ = {isa = PBXBuildFile; fileRef = 6B5FED682631A6950010EFBD /* ViewHelper.swift */; };
		6B5FED6E2631A8980010EFBD /* ResponseHelper.swift in Sources */ = {isa = PBXBuildFile; fileRef = 6B5FED6D2631A8980010EFBD /* ResponseHelper.swift */; };
		6B6DFEF2263033D000ECE1FB /* ResultsStructure.swift in Sources */ = {isa = PBXBuildFile; fileRef = 6B6DFEF1263033D000ECE1FB /* ResultsStructure.swift */; };
		6B6DFEF72630341200ECE1FB /* RequestResultsStructure.swift in Sources */ = {isa = PBXBuildFile; fileRef = 6B6DFEF62630341200ECE1FB /* RequestResultsStructure.swift */; };
		6B6DFEFA263034DF00ECE1FB /* SendRequestViewModel.swift in Sources */ = {isa = PBXBuildFile; fileRef = 6B6DFEF9263034DF00ECE1FB /* SendRequestViewModel.swift */; };
		6B6DFEFD263039C600ECE1FB /* TestView.swift in Sources */ = {isa = PBXBuildFile; fileRef = 6B6DFEFC263039C600ECE1FB /* TestView.swift */; };
		6B7DF9F625FA0218007CCC09 /* ProfileListView.swift in Sources */ = {isa = PBXBuildFile; fileRef = 6B7DF9F525FA0218007CCC09 /* ProfileListView.swift */; };
		6B8EA59C2636F03C0041F6E1 /* TestViewModel.swift in Sources */ = {isa = PBXBuildFile; fileRef = 6B8EA59B2636F03C0041F6E1 /* TestViewModel.swift */; };
		6BD2097325FC5EE00082F1D8 /* UiComponent.swift in Sources */ = {isa = PBXBuildFile; fileRef = 6BD2097225FC5EE00082F1D8 /* UiComponent.swift */; };
/* End PBXBuildFile section */

/* Begin PBXFileReference section */
		6B05EA7825EBC402002C98F8 /* samplePhoneBook.app */ = {isa = PBXFileReference; explicitFileType = wrapper.application; includeInIndex = 0; path = samplePhoneBook.app; sourceTree = BUILT_PRODUCTS_DIR; };
		6B05EA7B25EBC402002C98F8 /* AppDelegate.swift */ = {isa = PBXFileReference; lastKnownFileType = sourcecode.swift; path = AppDelegate.swift; sourceTree = "<group>"; };
		6B05EA7D25EBC402002C98F8 /* SceneDelegate.swift */ = {isa = PBXFileReference; lastKnownFileType = sourcecode.swift; path = SceneDelegate.swift; sourceTree = "<group>"; };
		6B05EA7F25EBC402002C98F8 /* TabBarView.swift */ = {isa = PBXFileReference; lastKnownFileType = sourcecode.swift; path = TabBarView.swift; sourceTree = "<group>"; };
		6B05EA8125EBC402002C98F8 /* Assets.xcassets */ = {isa = PBXFileReference; lastKnownFileType = folder.assetcatalog; path = Assets.xcassets; sourceTree = "<group>"; };
		6B05EA8425EBC402002C98F8 /* Preview Assets.xcassets */ = {isa = PBXFileReference; lastKnownFileType = folder.assetcatalog; path = "Preview Assets.xcassets"; sourceTree = "<group>"; };
		6B05EA8725EBC402002C98F8 /* Base */ = {isa = PBXFileReference; lastKnownFileType = file.storyboard; name = Base; path = Base.lproj/LaunchScreen.storyboard; sourceTree = "<group>"; };
		6B05EA8925EBC402002C98F8 /* Info.plist */ = {isa = PBXFileReference; lastKnownFileType = text.plist.xml; path = Info.plist; sourceTree = "<group>"; };
		6B165EB225F8BE7400B41F91 /* ProfileRow.swift */ = {isa = PBXFileReference; lastKnownFileType = sourcecode.swift; path = ProfileRow.swift; sourceTree = "<group>"; };
		6B3C236A25FB0B3F0019994B /* ProfileRegisterView.swift */ = {isa = PBXFileReference; lastKnownFileType = sourcecode.swift; path = ProfileRegisterView.swift; sourceTree = "<group>"; };
		6B5FED682631A6950010EFBD /* ViewHelper.swift */ = {isa = PBXFileReference; lastKnownFileType = sourcecode.swift; path = ViewHelper.swift; sourceTree = "<group>"; };
		6B5FED6D2631A8980010EFBD /* ResponseHelper.swift */ = {isa = PBXFileReference; lastKnownFileType = sourcecode.swift; path = ResponseHelper.swift; sourceTree = "<group>"; };
		6B6DFEF1263033D000ECE1FB /* ResultsStructure.swift */ = {isa = PBXFileReference; lastKnownFileType = sourcecode.swift; path = ResultsStructure.swift; sourceTree = "<group>"; };
		6B6DFEF62630341200ECE1FB /* RequestResultsStructure.swift */ = {isa = PBXFileReference; lastKnownFileType = sourcecode.swift; path = RequestResultsStructure.swift; sourceTree = "<group>"; };
		6B6DFEF9263034DF00ECE1FB /* SendRequestViewModel.swift */ = {isa = PBXFileReference; lastKnownFileType = sourcecode.swift; path = SendRequestViewModel.swift; sourceTree = "<group>"; };
		6B6DFEFC263039C600ECE1FB /* TestView.swift */ = {isa = PBXFileReference; lastKnownFileType = sourcecode.swift; path = TestView.swift; sourceTree = "<group>"; };
		6B7DF9F525FA0218007CCC09 /* ProfileListView.swift */ = {isa = PBXFileReference; lastKnownFileType = sourcecode.swift; path = ProfileListView.swift; sourceTree = "<group>"; };
		6B8EA59B2636F03C0041F6E1 /* TestViewModel.swift */ = {isa = PBXFileReference; lastKnownFileType = sourcecode.swift; path = TestViewModel.swift; sourceTree = "<group>"; };
		6BD2097225FC5EE00082F1D8 /* UiComponent.swift */ = {isa = PBXFileReference; lastKnownFileType = sourcecode.swift; path = UiComponent.swift; sourceTree = "<group>"; };
/* End PBXFileReference section */

/* Begin PBXFrameworksBuildPhase section */
		6B05EA7525EBC402002C98F8 /* Frameworks */ = {
			isa = PBXFrameworksBuildPhase;
			buildActionMask = 2147483647;
			files = (
			);
			runOnlyForDeploymentPostprocessing = 0;
		};
/* End PBXFrameworksBuildPhase section */

/* Begin PBXGroup section */
		6B05EA6F25EBC402002C98F8 = {
			isa = PBXGroup;
			children = (
				6B05EA7A25EBC402002C98F8 /* samplePhoneBook */,
				6B05EA7925EBC402002C98F8 /* Products */,
			);
			sourceTree = "<group>";
		};
		6B05EA7925EBC402002C98F8 /* Products */ = {
			isa = PBXGroup;
			children = (
				6B05EA7825EBC402002C98F8 /* samplePhoneBook.app */,
			);
			name = Products;
			sourceTree = "<group>";
		};
		6B05EA7A25EBC402002C98F8 /* samplePhoneBook */ = {
			isa = PBXGroup;
			children = (
				6B5FED672631A67D0010EFBD /* Helper */,
				6B05EA7B25EBC402002C98F8 /* AppDelegate.swift */,
				6B05EA7D25EBC402002C98F8 /* SceneDelegate.swift */,
				6B6DFEF0263032C100ECE1FB /* Model */,
				6B6DFEEF2630329300ECE1FB /* ViewModel */,
				6B6DFEEE2630327700ECE1FB /* View */,
				6B05EA8125EBC402002C98F8 /* Assets.xcassets */,
				6B05EA8625EBC402002C98F8 /* LaunchScreen.storyboard */,
				6B05EA8925EBC402002C98F8 /* Info.plist */,
				6B05EA8325EBC402002C98F8 /* Preview Content */,
			);
			path = samplePhoneBook;
			sourceTree = "<group>";
		};
		6B05EA8325EBC402002C98F8 /* Preview Content */ = {
			isa = PBXGroup;
			children = (
				6B05EA8425EBC402002C98F8 /* Preview Assets.xcassets */,
			);
			path = "Preview Content";
			sourceTree = "<group>";
		};
		6B3A4FD72631051000EFC060 /* child */ = {
			isa = PBXGroup;
			children = (
				6B165EB225F8BE7400B41F91 /* ProfileRow.swift */,
			);
			path = child;
			sourceTree = "<group>";
		};
		6B5FED672631A67D0010EFBD /* Helper */ = {
			isa = PBXGroup;
			children = (
				6B5FED682631A6950010EFBD /* ViewHelper.swift */,
				6B5FED6D2631A8980010EFBD /* ResponseHelper.swift */,
			);
			path = Helper;
			sourceTree = "<group>";
		};
		6B6DFEEE2630327700ECE1FB /* View */ = {
			isa = PBXGroup;
			children = (
				6B3A4FD72631051000EFC060 /* child */,
				6B05EA7F25EBC402002C98F8 /* TabBarView.swift */,
				6B3C236A25FB0B3F0019994B /* ProfileRegisterView.swift */,
				6BD2097225FC5EE00082F1D8 /* UiComponent.swift */,
				6B7DF9F525FA0218007CCC09 /* ProfileListView.swift */,
				6B6DFEFC263039C600ECE1FB /* TestView.swift */,
			);
			path = View;
			sourceTree = "<group>";
		};
		6B6DFEEF2630329300ECE1FB /* ViewModel */ = {
			isa = PBXGroup;
			children = (
				6B6DFEF9263034DF00ECE1FB /* SendRequestViewModel.swift */,
				6B8EA59B2636F03C0041F6E1 /* TestViewModel.swift */,
			);
			path = ViewModel;
			sourceTree = "<group>";
		};
		6B6DFEF0263032C100ECE1FB /* Model */ = {
			isa = PBXGroup;
			children = (
				6B6DFEF1263033D000ECE1FB /* ResultsStructure.swift */,
				6B6DFEF62630341200ECE1FB /* RequestResultsStructure.swift */,
			);
			path = Model;
			sourceTree = "<group>";
		};
/* End PBXGroup section */

/* Begin PBXNativeTarget section */
		6B05EA7725EBC402002C98F8 /* samplePhoneBook */ = {
			isa = PBXNativeTarget;
			buildConfigurationList = 6B05EA8C25EBC402002C98F8 /* Build configuration list for PBXNativeTarget "samplePhoneBook" */;
			buildPhases = (
				6B05EA7425EBC402002C98F8 /* Sources */,
				6B05EA7525EBC402002C98F8 /* Frameworks */,
				6B05EA7625EBC402002C98F8 /* Resources */,
			);
			buildRules = (
			);
			dependencies = (
			);
			name = samplePhoneBook;
			productName = samplePhoneBook;
			productReference = 6B05EA7825EBC402002C98F8 /* samplePhoneBook.app */;
			productType = "com.apple.product-type.application";
		};
/* End PBXNativeTarget section */

/* Begin PBXProject section */
		6B05EA7025EBC402002C98F8 /* Project object */ = {
			isa = PBXProject;
			attributes = {
				LastSwiftUpdateCheck = 1240;
				LastUpgradeCheck = 1240;
				TargetAttributes = {
					6B05EA7725EBC402002C98F8 = {
						CreatedOnToolsVersion = 12.4;
					};
				};
			};
			buildConfigurationList = 6B05EA7325EBC402002C98F8 /* Build configuration list for PBXProject "samplePhoneBook" */;
			compatibilityVersion = "Xcode 9.3";
			developmentRegion = en;
			hasScannedForEncodings = 0;
			knownRegions = (
				en,
				Base,
			);
			mainGroup = 6B05EA6F25EBC402002C98F8;
			productRefGroup = 6B05EA7925EBC402002C98F8 /* Products */;
			projectDirPath = "";
			projectRoot = "";
			targets = (
				6B05EA7725EBC402002C98F8 /* samplePhoneBook */,
			);
		};
/* End PBXProject section */

/* Begin PBXResourcesBuildPhase section */
		6B05EA7625EBC402002C98F8 /* Resources */ = {
			isa = PBXResourcesBuildPhase;
			buildActionMask = 2147483647;
			files = (
				6B05EA8825EBC402002C98F8 /* LaunchScreen.storyboard in Resources */,
				6B05EA8525EBC402002C98F8 /* Preview Assets.xcassets in Resources */,
				6B05EA8225EBC402002C98F8 /* Assets.xcassets in Resources */,
			);
			runOnlyForDeploymentPostprocessing = 0;
		};
/* End PBXResourcesBuildPhase section */

/* Begin PBXSourcesBuildPhase section */
		6B05EA7425EBC402002C98F8 /* Sources */ = {
			isa = PBXSourcesBuildPhase;
			buildActionMask = 2147483647;
			files = (
				6B6DFEF2263033D000ECE1FB /* ResultsStructure.swift in Sources */,
				6B7DF9F625FA0218007CCC09 /* ProfileListView.swift in Sources */,
				6B05EA7C25EBC402002C98F8 /* AppDelegate.swift in Sources */,
				6B05EA7E25EBC402002C98F8 /* SceneDelegate.swift in Sources */,
				6B05EA8025EBC402002C98F8 /* TabBarView.swift in Sources */,
				6BD2097325FC5EE00082F1D8 /* UiComponent.swift in Sources */,
				6B5FED692631A6950010EFBD /* ViewHelper.swift in Sources */,
				6B6DFEFD263039C600ECE1FB /* TestView.swift in Sources */,
				6B6DFEFA263034DF00ECE1FB /* SendRequestViewModel.swift in Sources */,
				6B3C236B25FB0B3F0019994B /* ProfileRegisterView.swift in Sources */,
				6B8EA59C2636F03C0041F6E1 /* TestViewModel.swift in Sources */,
				6B165EB325F8BE7400B41F91 /* ProfileRow.swift in Sources */,
				6B5FED6E2631A8980010EFBD /* ResponseHelper.swift in Sources */,
				6B6DFEF72630341200ECE1FB /* RequestResultsStructure.swift in Sources */,
			);
			runOnlyForDeploymentPostprocessing = 0;
		};
/* End PBXSourcesBuildPhase section */

/* Begin PBXVariantGroup section */
		6B05EA8625EBC402002C98F8 /* LaunchScreen.storyboard */ = {
			isa = PBXVariantGroup;
			children = (
				6B05EA8725EBC402002C98F8 /* Base */,
			);
			name = LaunchScreen.storyboard;
			sourceTree = "<group>";
		};
/* End PBXVariantGroup section */

/* Begin XCBuildConfiguration section */
		6B05EA8A25EBC402002C98F8 /* Debug */ = {
			isa = XCBuildConfiguration;
			buildSettings = {
				ALWAYS_SEARCH_USER_PATHS = NO;
				CLANG_ANALYZER_NONNULL = YES;
				CLANG_ANALYZER_NUMBER_OBJECT_CONVERSION = YES_AGGRESSIVE;
				CLANG_CXX_LANGUAGE_STANDARD = "gnu++14";
				CLANG_CXX_LIBRARY = "libc++";
				CLANG_ENABLE_MODULES = YES;
				CLANG_ENABLE_OBJC_ARC = YES;
				CLANG_ENABLE_OBJC_WEAK = YES;
				CLANG_WARN_BLOCK_CAPTURE_AUTORELEASING = YES;
				CLANG_WARN_BOOL_CONVERSION = YES;
				CLANG_WARN_COMMA = YES;
				CLANG_WARN_CONSTANT_CONVERSION = YES;
				CLANG_WARN_DEPRECATED_OBJC_IMPLEMENTATIONS = YES;
				CLANG_WARN_DIRECT_OBJC_ISA_USAGE = YES_ERROR;
				CLANG_WARN_DOCUMENTATION_COMMENTS = YES;
				CLANG_WARN_EMPTY_BODY = YES;
				CLANG_WARN_ENUM_CONVERSION = YES;
				CLANG_WARN_INFINITE_RECURSION = YES;
				CLANG_WARN_INT_CONVERSION = YES;
				CLANG_WARN_NON_LITERAL_NULL_CONVERSION = YES;
				CLANG_WARN_OBJC_IMPLICIT_RETAIN_SELF = YES;
				CLANG_WARN_OBJC_LITERAL_CONVERSION = YES;
				CLANG_WARN_OBJC_ROOT_CLASS = YES_ERROR;
				CLANG_WARN_QUOTED_INCLUDE_IN_FRAMEWORK_HEADER = YES;
				CLANG_WARN_RANGE_LOOP_ANALYSIS = YES;
				CLANG_WARN_STRICT_PROTOTYPES = YES;
				CLANG_WARN_SUSPICIOUS_MOVE = YES;
				CLANG_WARN_UNGUARDED_AVAILABILITY = YES_AGGRESSIVE;
				CLANG_WARN_UNREACHABLE_CODE = YES;
				CLANG_WARN__DUPLICATE_METHOD_MATCH = YES;
				COPY_PHASE_STRIP = NO;
				DEBUG_INFORMATION_FORMAT = dwarf;
				ENABLE_STRICT_OBJC_MSGSEND = YES;
				ENABLE_TESTABILITY = YES;
				GCC_C_LANGUAGE_STANDARD = gnu11;
				GCC_DYNAMIC_NO_PIC = NO;
				GCC_NO_COMMON_BLOCKS = YES;
				GCC_OPTIMIZATION_LEVEL = 0;
				GCC_PREPROCESSOR_DEFINITIONS = (
					"DEBUG=1",
					"$(inherited)",
				);
				GCC_WARN_64_TO_32_BIT_CONVERSION = YES;
				GCC_WARN_ABOUT_RETURN_TYPE = YES_ERROR;
				GCC_WARN_UNDECLARED_SELECTOR = YES;
				GCC_WARN_UNINITIALIZED_AUTOS = YES_AGGRESSIVE;
				GCC_WARN_UNUSED_FUNCTION = YES;
				GCC_WARN_UNUSED_VARIABLE = YES;
				IPHONEOS_DEPLOYMENT_TARGET = 14.4;
				MTL_ENABLE_DEBUG_INFO = INCLUDE_SOURCE;
				MTL_FAST_MATH = YES;
				ONLY_ACTIVE_ARCH = YES;
				SDKROOT = iphoneos;
				SWIFT_ACTIVE_COMPILATION_CONDITIONS = DEBUG;
				SWIFT_OPTIMIZATION_LEVEL = "-Onone";
			};
			name = Debug;
		};
		6B05EA8B25EBC402002C98F8 /* Release */ = {
			isa = XCBuildConfiguration;
			buildSettings = {
				ALWAYS_SEARCH_USER_PATHS = NO;
				CLANG_ANALYZER_NONNULL = YES;
				CLANG_ANALYZER_NUMBER_OBJECT_CONVERSION = YES_AGGRESSIVE;
				CLANG_CXX_LANGUAGE_STANDARD = "gnu++14";
				CLANG_CXX_LIBRARY = "libc++";
				CLANG_ENABLE_MODULES = YES;
				CLANG_ENABLE_OBJC_ARC = YES;
				CLANG_ENABLE_OBJC_WEAK = YES;
				CLANG_WARN_BLOCK_CAPTURE_AUTORELEASING = YES;
				CLANG_WARN_BOOL_CONVERSION = YES;
				CLANG_WARN_COMMA = YES;
				CLANG_WARN_CONSTANT_CONVERSION = YES;
				CLANG_WARN_DEPRECATED_OBJC_IMPLEMENTATIONS = YES;
				CLANG_WARN_DIRECT_OBJC_ISA_USAGE = YES_ERROR;
				CLANG_WARN_DOCUMENTATION_COMMENTS = YES;
				CLANG_WARN_EMPTY_BODY = YES;
				CLANG_WARN_ENUM_CONVERSION = YES;
				CLANG_WARN_INFINITE_RECURSION = YES;
				CLANG_WARN_INT_CONVERSION = YES;
				CLANG_WARN_NON_LITERAL_NULL_CONVERSION = YES;
				CLANG_WARN_OBJC_IMPLICIT_RETAIN_SELF = YES;
				CLANG_WARN_OBJC_LITERAL_CONVERSION = YES;
				CLANG_WARN_OBJC_ROOT_CLASS = YES_ERROR;
				CLANG_WARN_QUOTED_INCLUDE_IN_FRAMEWORK_HEADER = YES;
				CLANG_WARN_RANGE_LOOP_ANALYSIS = YES;
				CLANG_WARN_STRICT_PROTOTYPES = YES;
				CLANG_WARN_SUSPICIOUS_MOVE = YES;
				CLANG_WARN_UNGUARDED_AVAILABILITY = YES_AGGRESSIVE;
				CLANG_WARN_UNREACHABLE_CODE = YES;
				CLANG_WARN__DUPLICATE_METHOD_MATCH = YES;
				COPY_PHASE_STRIP = NO;
				DEBUG_INFORMATION_FORMAT = "dwarf-with-dsym";
				ENABLE_NS_ASSERTIONS = NO;
				ENABLE_STRICT_OBJC_MSGSEND = YES;
				GCC_C_LANGUAGE_STANDARD = gnu11;
				GCC_NO_COMMON_BLOCKS = YES;
				GCC_WARN_64_TO_32_BIT_CONVERSION = YES;
				GCC_WARN_ABOUT_RETURN_TYPE = YES_ERROR;
				GCC_WARN_UNDECLARED_SELECTOR = YES;
				GCC_WARN_UNINITIALIZED_AUTOS = YES_AGGRESSIVE;
				GCC_WARN_UNUSED_FUNCTION = YES;
				GCC_WARN_UNUSED_VARIABLE = YES;
				IPHONEOS_DEPLOYMENT_TARGET = 14.4;
				MTL_ENABLE_DEBUG_INFO = NO;
				MTL_FAST_MATH = YES;
				SDKROOT = iphoneos;
				SWIFT_COMPILATION_MODE = wholemodule;
				SWIFT_OPTIMIZATION_LEVEL = "-O";
				VALIDATE_PRODUCT = YES;
			};
			name = Release;
		};
		6B05EA8D25EBC402002C98F8 /* Debug */ = {
			isa = XCBuildConfiguration;
			buildSettings = {
				ASSETCATALOG_COMPILER_APPICON_NAME = AppIcon;
				ASSETCATALOG_COMPILER_GLOBAL_ACCENT_COLOR_NAME = AccentColor;
				CODE_SIGN_STYLE = Automatic;
				DEVELOPMENT_ASSET_PATHS = "\"samplePhoneBook/Preview Content\"";
				ENABLE_PREVIEWS = YES;
				INFOPLIST_FILE = samplePhoneBook/Info.plist;
				LD_RUNPATH_SEARCH_PATHS = (
					"$(inherited)",
					"@executable_path/Frameworks",
				);
				PRODUCT_BUNDLE_IDENTIFIER = Chimomochi22.samplePhoneBook;
				PRODUCT_NAME = "$(TARGET_NAME)";
				SWIFT_VERSION = 5.0;
				TARGETED_DEVICE_FAMILY = "1,2";
			};
			name = Debug;
		};
		6B05EA8E25EBC402002C98F8 /* Release */ = {
			isa = XCBuildConfiguration;
			buildSettings = {
				ASSETCATALOG_COMPILER_APPICON_NAME = AppIcon;
				ASSETCATALOG_COMPILER_GLOBAL_ACCENT_COLOR_NAME = AccentColor;
				CODE_SIGN_STYLE = Automatic;
				DEVELOPMENT_ASSET_PATHS = "\"samplePhoneBook/Preview Content\"";
				ENABLE_PREVIEWS = YES;
				INFOPLIST_FILE = samplePhoneBook/Info.plist;
				LD_RUNPATH_SEARCH_PATHS = (
					"$(inherited)",
					"@executable_path/Frameworks",
				);
				PRODUCT_BUNDLE_IDENTIFIER = Chimomochi22.samplePhoneBook;
				PRODUCT_NAME = "$(TARGET_NAME)";
				SWIFT_VERSION = 5.0;
				TARGETED_DEVICE_FAMILY = "1,2";
			};
			name = Release;
		};
/* End XCBuildConfiguration section */

/* Begin XCConfigurationList section */
		6B05EA7325EBC402002C98F8 /* Build configuration list for PBXProject "samplePhoneBook" */ = {
			isa = XCConfigurationList;
			buildConfigurations = (
				6B05EA8A25EBC402002C98F8 /* Debug */,
				6B05EA8B25EBC402002C98F8 /* Release */,
			);
			defaultConfigurationIsVisible = 0;
			defaultConfigurationName = Release;
		};
		6B05EA8C25EBC402002C98F8 /* Build configuration list for PBXNativeTarget "samplePhoneBook" */ = {
			isa = XCConfigurationList;
			buildConfigurations = (
				6B05EA8D25EBC402002C98F8 /* Debug */,
				6B05EA8E25EBC402002C98F8 /* Release */,
			);
			defaultConfigurationIsVisible = 0;
			defaultConfigurationName = Release;
		};
/* End XCConfigurationList section */
	};
	rootObject = 6B05EA7025EBC402002C98F8 /* Project object */;
}
